{
  "version": 4,
  "terraform_version": "1.6.5",
  "serial": 42,
  "lineage": "4b9f98ea-4a5a-96b3-3fee-9abfeee2f083",
  "outputs": {},
  "resources": [
    {
      "mode": "managed",
      "type": "flexibleengine_cce_cluster_v3",
      "name": "flask_cluster",
      "provider": "provider[\"registry.terraform.io/flexibleenginecloud/flexibleengine\"]",
      "instances": [
        {
          "schema_version": 0,
          "attributes": {
            "annotations": null,
            "authenticating_proxy_ca": null,
            "authentication_mode": "rbac",
            "billing_mode": 0,
            "certificate_clusters": [
              {
                "certificate_authority_data": "LS0tLS1CRUdJTiBDRVJUSUZJQ0FURS0tLS0tCk1JSUREekNDQWZlZ0F3SUJBZ0lCQURBTkJna3Foa2lHOXcwQkFRc0ZBREFwTVJrd0Z3WURWUVFLRXhCRFEwVWcKVkdWamFHNXZiRzluYVdWek1Rd3dDZ1lEVlFRREV3TkRRMFV3SGhjTk1qTXhNVE13TVRFME1URTRXaGNOTkRNeApNVE13TVRFME1URTRXakFwTVJrd0Z3WURWUVFLRXhCRFEwVWdWR1ZqYUc1dmJHOW5hV1Z6TVF3d0NnWURWUVFECkV3TkRRMFV3Z2dFaU1BMEdDU3FHU0liM0RRRUJBUVVBQTRJQkR3QXdnZ0VLQW9JQkFRREVnaXR1dlVlRHNLSFgKcW0yZTVqWVkxVnJabWhydFFtaGpsWlR1Y1d4VVBpaHBMdkc2TlJQcTNkejM3bEFSazJ2NDcyQUFJeCswSG90YwpxeUgrSTRWek5qNE5ya3FoRW8yRGhIQndGTThEZ3llR3JGUk9nMlkyTkxVNEhocUROeDE5ZnYxUlZoNG9qN1U3Ci9BQlBxbkRkR0x0WHJoalB0RGh0b3JNSnlTalhnek9rRnNlY3RaOGN3YWMzMlNxSnlQRzd6MDdXYkVqOW5ZTW0KeFIyOHNndlB2WUF2aTV1Y0hYMzZuQ3hVamFKdXNuUllyb0JOWFN4WXpuSkpOMUVEQzgzSmVNcklQdDZRQjdXKwpvcEtrUTZqRFBsVEpnMkZEU044bURRTXNZbS9wdW1MTjNZMXFsRmxONm1IWkpUaDhMOVdTSGJ6SkpTSjBMM0xwCnVqdWo1SVRYQWdNQkFBR2pRakJBTUE0R0ExVWREd0VCL3dRRUF3SUNwREFQQmdOVkhSTUJBZjhFQlRBREFRSC8KTUIwR0ExVWREZ1FXQkJTNFo4RVFVMHNUL212T1RNckhpV3FiajZENFhqQU5CZ2txaGtpRzl3MEJBUXNGQUFPQwpBUUVBcDUwUlMydUZxWTNENHByWG1QRStpMkdER2FaeTVFRFJrUDJkN3RUL08yYU5JbVZjSkJEYlhQc2txSkxYCmV6a3gwOWlENzJRRUlIcnBDOGtRQ0t3TkxLemVnbjZxNXd5Q2M0S0VhLzVTSkJpVit3a01QR3VWMk5lUis2ZUUKU0gzcXZNVEZQb2xmM0dZQ3FTdEZ1RERWZUZZWDhZbUZuN0FRM0E3UlRja3owaXh1bE96R1RNMlFsS2R5dzd2ZgpXS3VwRis0aFFGNXltOXZqcGVPdVhxK28vM2hQcTlaOXRyWjVXeTN4TjRoWHpmVlpSTjV4WWRTcSsvRitjMzY2CmdvVktiZnFnRjRDQWt3VnhBWS9acE5pazR5cTdiVTJlM05NNTYyczBDTG5Kc3lmSGxqclVvMEUrdXFTaW92YloKdVJYV2FZQ2ZONlVwK282czBSN01qdGF2TXc9PQotLS0tLUVORCBDRVJUSUZJQ0FURS0tLS0tCg==",
                "name": "internalCluster",
                "server": "https://10.10.10.30:5443"
              }
            ],
            "certificate_users": [
              {
                "client_certificate_data": "LS0tLS1CRUdJTiBDRVJUSUZJQ0FURS0tLS0tCk1JSUVLakNDQXhLZ0F3SUJBZ0lJWmhZTGFOTEQwUUF3RFFZSktvWklodmNOQVFFTEJRQXdLVEVaTUJjR0ExVUUKQ2hNUVEwTkZJRlJsWTJodWIyeHZaMmxsY3pFTU1Bb0dBMVVFQXhNRFEwTkZNQjRYRFRJek1URXpNREV4TkRFeApPRm9YRFRJNE1URXpNREV4TkRFeE9Gb3dNakVYTUJVR0ExVUVDaE1PYzNsemRHVnRPbTFoYzNSbGNuTXhGekFWCkJnTlZCQU1URG5ONWMzUmxiVHB0WVhOMFpYSnpNSUlCSWpBTkJna3Foa2lHOXcwQkFRRUZBQU9DQVE4QU1JSUIKQ2dLQ0FRRUF4SUlyYnIxSGc3Q2gxNnB0bnVZMkdOVmEyWm9hN1VKb1k1V1U3bkZzVkQ0b2FTN3h1alVUNnQzYwo5KzVRRVpOcitPOWdBQ01mdEI2TFhLc2gvaU9GY3pZK0RhNUtvUktOZzRSd2NCVFBBNE1uaHF4VVRvTm1OalMxCk9CNGFnemNkZlg3OVVWWWVLSSsxTy93QVQ2cHczUmk3VjY0WXo3UTRiYUt6Q2NrbzE0TXpwQmJIbkxXZkhNR24KTjlrcWljanh1ODlPMW14SS9aMkRKc1VkdkxJTHo3MkFMNHVibkIxOStwd3NWSTJpYnJKMFdLNkFUVjBzV001eQpTVGRSQXd2TnlYakt5RDdla0FlMXZxS1NwRU9vd3o1VXlZTmhRMGpmSmcwRExHSnY2YnBpemQyTmFwUlpUZXBoCjJTVTRmQy9Wa2gyOHlTVWlkQzl5NmJvN28rU0Uxd0lEQVFBQm80SUJTekNDQVVjd0RnWURWUjBQQVFIL0JBUUQKQWdXZ01CMEdBMVVkSlFRV01CUUdDQ3NHQVFVRkJ3TUNCZ2dyQmdFRkJRY0RBVEFmQmdOVkhTTUVHREFXZ0JTNApaOEVRVTBzVC9tdk9UTXJIaVdxYmo2RDRYakNCOUFZRFZSMFJCSUhzTUlIcGdpUnJkV0psY201bGRHVnpMbVJsClptRjFiSFF1YzNaakxtTnNkWE4wWlhJdWJHOWpZV3lDRm10MVltVnlibVYwWlhNdVpHVm1ZWFZzZEM1emRtT0MKRW10MVltVnlibVYwWlhNdVpHVm1ZWFZzZElJS2EzVmlaWEp1WlhSbGM0SW5hWE4wYVc4dGMybGtaV05oY2kxcApibXBsWTNSdmNpNXBjM1JwYnkxemVYTjBaVzB1YzNaamdoNXdjbTk0ZVMxbGVIQnZjblJsY2k1cmRXSmxMWE41CmMzUmxiUzV6ZG1PSEVQMEFFalFBQUFBQUFBQUFBQUFBQUFHSEJIOEFBQUdIQkFyM0FBS0hCS24rSHdLSEJBcjMKQUFHSEJHUlg5RkdIQkFvQVBjU0hCQW9LQ2g2SEJLbitId0l3RFFZSktvWklodmNOQVFFTEJRQURnZ0VCQUZ5VQpDSW1MNTJEZEtPRzM3bWpGd0xtTVgvWlo4TWk5ejlRQ0ZjVzhJa0NMRmhaa1NRZ0tqU2pvbEFtN2t5K1dpWCtlCjJkOXNsTE1OY3BpMnF1anlLc2hSeTRaZ2pIRGhiRjBJeS8wdnRHWFpGU2M3RDFmSXY1TktqUXc2aTZIc3VUNzgKN3dKRHlKQm9vK0NiUTRPYWlHdWRyMHpZOGxucFRRa0xvUXFjcGZEellucERiNmVKajlxdVlPdUdLcVRDQ0x6NQpKUy9Gb2F6aVBrNEpKMHlYOHRqUTJLcmJZa0RBUmQ3U0lLaCtjcU1PZm5FTFUrQWxUMjNGTmQzVXpVRCs2b3d5CnQ4NnlJc2o5WVV5TEl1NktQZmc1WTY4QWE5R014SmxzOFBScFFHY215dHJZZEJKQ0FrVnZPSmszNDJiYkFGZEkKYkFoVWNKeXo1YUJsSW1vbHZmQT0KLS0tLS1FTkQgQ0VSVElGSUNBVEUtLS0tLQo=",
                "client_key_data": "LS0tLS1CRUdJTiBSU0EgUFJJVkFURSBLRVktLS0tLQpNSUlFcFFJQkFBS0NBUUVBeElJcmJyMUhnN0NoMTZwdG51WTJHTlZhMlpvYTdVSm9ZNVdVN25Gc1ZENG9hUzd4CnVqVVQ2dDNjOSs1UUVaTnIrTzlnQUNNZnRCNkxYS3NoL2lPRmN6WStEYTVLb1JLTmc0UndjQlRQQTRNbmhxeFUKVG9ObU5qUzFPQjRhZ3pjZGZYNzlVVlllS0krMU8vd0FUNnB3M1JpN1Y2NFl6N1E0YmFLekNja28xNE16cEJiSApuTFdmSE1Hbk45a3FpY2p4dTg5TzFteEkvWjJESnNVZHZMSUx6NzJBTDR1Ym5CMTkrcHdzVkkyaWJySjBXSzZBClRWMHNXTTV5U1RkUkF3dk55WGpLeUQ3ZWtBZTF2cUtTcEVPb3d6NVV5WU5oUTBqZkpnMERMR0p2NmJwaXpkMk4KYXBSWlRlcGgyU1U0ZkMvVmtoMjh5U1VpZEM5eTZibzdvK1NFMXdJREFRQUJBb0lCQUd0WUVCRzJJOUswTWpSMQpUTng0TlNUcnAyMG0yWDZ4d0FSbU9hem5HSjRNTmxiKzVkMHFFVzlETXVuY3JMQnRMNVlVYlFTbUt6TmhYQStMCkRFNmZhTTYrMnJidWRxWDJWSWQ3V1ZCZ2paVUZtQm5oR1V5cVNyTmhwM3k0TlJOb2tCdDF1enNySjk1UVlsZ2EKR0xGc0VhczFUMkZlSVArVkd4NEl1blNtQmtGeTNSWHRjNjlVSlpVdzdHNWlRQjVjM2V2alZ2NDE1NUtYTHRVNApvRWFnWllkN2RXeGFQNzZKczF5V1dvZ244c0Rrd3JDWmpta1JVdlQvTXBZcGRHcFJVSVVTS21ZbjByZzJHc3hxCnZab1dSLzEzZjl0Tk8yZDlDUW9FNUVQRjhKTWZPQlYvZ3RWQzN5UzkxTVpZT2xtbkhNUFVMdlptSHRIb3Uxa0QKZlAxOURnRUNnWUVBMkVOeW9PMmROakIyTWtDK2JkUVRSbFJra2NUdmRrRlduM0VVeUtKM2hwSldYMzRhMnJiUApuMnN4Zy9MM05Qb093OGVXZU4vRStLY0FLT3dLRHFtTUNNem10bWZyZU94bVY3WmVHZ0ptNGxYUEM5NElvZDU0CkFsRjFoQTl5R0tsMUpmeDBPSjNkanh2NzRPWUxmMEt2S1huaXN2anM1RVpZdm5sdmcvOUlCK0VDZ1lFQTZKMTkKc2xrNnN1RzQ0Ymhiclc1aytqcTZ3QWd2WVpPNTdBZkl4eEJGRXZFVkFFSWVXTGQ0cFhyc296NUYrV0NRTnJ4QgpLdTlJdG9uTmk3NGMvbm01QTFwOEhiTGI4WE8rRUVVMXo5YUZvbXJyMTgxYU5NNHYvbHcrWVhtbnR1U2dkWmN0CmpFR0w2UmJrL3g0a0wvam40bXVFVE5kVmpYZWpkNTJNK2h3M1E3Y0NnWUVBdFpoVlRjcVk0MkxvTFNSdWd4eTgKbnFiSTJCcHRGWGloK3pwaVFHTWtTS3ppdUViVTEra0FDSlpqT3JBdllwM0MvaVMvTm5wNEZHOXUwKzM0Ti8ybwpwODhldi9ZZEpTb2tlZXlac2U5b1l3KzR6dmMvZW1Tcmt3N0J4Z1dPUWlVeFNKZG5KQTl6ZHZNQm13U3dqTWo2CitySHRhV2xheWdoRUJwVkR6YXZ6MlNFQ2dZRUF3MkxHR2ZCcEphZ0RxMVUzYkUyMTg1a3hFK3ZNSUtIOUlRekkKMEt3UjJQODNMS2hjNVJmMjlzaHh6QXlhcWdVNkhUK3pYV1R3SnFOSlMzKzh5dU5qVERYTTJ3VkpTVjUyM3lQRApOM2h4ZHlOb1JqUHUrVHZYaEVmbS9lazV2cDM3U2NwYUw5MCtyK0xUSnBjaXZrak1QWnNoM1lsaUN4bmE3TFloCm5GUG05N0VDZ1lFQW1Jang2TWdQZktwZ2ttMWRDelAyQS9OM3VjR0wrV3hMQXNOaEhBSGFJell6aGwybittbzIKOG9MZTV3dXZ0Si92b1hIck00VlFmT252RGJaeVd5czUyNDdYeVNJdkZGbkJONVRoTDloTnZrM2lVOWtUNDJUKwpEbVkxVXppOUZLQjduNkNtWXVRbksybExVQjE2WnIrbURiZjJSRGpQOTg5bEVMZGwvdUUybHdBPQotLS0tLUVORCBSU0EgUFJJVkFURSBLRVktLS0tLQo=",
                "name": "user"
              }
            ],
            "cluster_type": "VirtualMachine",
            "cluster_version": "v1.25",
            "container_network_cidr": "172.16.0.0/16",
            "container_network_type": "overlay_l2",
            "custom_san": [],
            "description": "flask-production-CCE-cluster",
            "eip": null,
            "extend_param": null,
            "external_apig_endpoint": "",
            "external_endpoint": "",
            "flavor_id": "cce.s1.small",
            "hibernate": null,
            "highway_subnet_id": "",
            "id": "369f03b4-8f75-11ee-8bda-0255ac100034",
            "internal_endpoint": "https://10.10.10.30:5443",
            "kube_proxy_mode": null,
            "labels": null,
            "masters": [
              {
                "availability_zone": "eu-west-0c"
              }
            ],
            "name": "flask-cluster",
            "region": "eu-west-0",
            "security_group_id": "572a89f1-4bae-493c-88e7-6e9e9b31a1f6",
            "service_network_cidr": "10.247.0.0/16",
            "status": "Available",
            "subnet_id": "97a9fc56-d6f9-46de-98c9-73c0f681f60b",
            "timeouts": null,
            "vpc_id": "6f93693b-6cbe-432f-9268-fe4b711c27a9"
          },
          "sensitive_attributes": [],
          "private": "eyJlMmJmYjczMC1lY2FhLTExZTYtOGY4OC0zNDM2M2JjN2M0YzAiOnsiY3JlYXRlIjoxODAwMDAwMDAwMDAwLCJkZWxldGUiOjE4MDAwMDAwMDAwMDB9fQ==",
          "dependencies": [
            "flexibleengine_vpc_subnet_v1.flask_subnet",
            "flexibleengine_vpc_v1.flask_vpc"
          ]
        }
      ]
    },
    {
      "mode": "managed",
      "type": "flexibleengine_cce_node_v3",
      "name": "node_1",
      "provider": "provider[\"registry.terraform.io/flexibleenginecloud/flexibleengine\"]",
      "instances": [
        {
          "schema_version": 0,
          "attributes": {
            "annotations": null,
            "availability_zone": "eu-west-0a",
            "bandwidth_charge_mode": "",
            "bandwidth_size": 0,
            "billing_mode": null,
            "cluster_id": "369f03b4-8f75-11ee-8bda-0255ac100034",
            "data_volumes": [
              {
                "extend_params": null,
                "kms_key_id": "",
                "size": 100,
                "volumetype": "SATA"
              }
            ],
            "ecs_group_id": "",
            "ecs_performance_type": "",
            "eip_count": 0,
            "eip_ids": [],
            "extend_param": null,
            "extend_param_charging_mode": null,
            "flavor_id": "s6.xlarge.4",
            "id": "fdf927cd-8f75-11ee-832e-0255ac100043",
            "iptype": "",
            "key_pair": "flask-keypair",
            "labels": null,
            "max_pods": 0,
            "name": "flask-node1",
            "order_id": null,
            "os": "CentOS 7.7",
            "postinstall": null,
            "preinstall": null,
            "private_ip": "10.10.10.60",
            "product_id": "",
            "public_ip": "",
            "public_key": "",
            "region": "eu-west-0",
            "root_volume": [
              {
                "extend_params": null,
                "kms_key_id": "",
                "size": 40,
                "volumetype": "SATA"
              }
            ],
            "server_id": "088368be-09e8-47a6-88cc-31b4f5ac042b",
            "sharetype": "",
            "status": "Active",
            "subnet_id": "97a9fc56-d6f9-46de-98c9-73c0f681f60b",
            "tags": null,
            "taints": [],
            "timeouts": null
          },
          "sensitive_attributes": [],
          "private": "eyJlMmJmYjczMC1lY2FhLTExZTYtOGY4OC0zNDM2M2JjN2M0YzAiOnsiY3JlYXRlIjoxMjAwMDAwMDAwMDAwLCJkZWxldGUiOjEyMDAwMDAwMDAwMDB9fQ==",
          "dependencies": [
            "flexibleengine_cce_cluster_v3.flask_cluster",
            "flexibleengine_vpc_subnet_v1.flask_subnet",
            "flexibleengine_vpc_v1.flask_vpc"
          ]
        }
      ]
    },
    {
      "mode": "managed",
      "type": "flexibleengine_cce_node_v3",
      "name": "node_2",
      "provider": "provider[\"registry.terraform.io/flexibleenginecloud/flexibleengine\"]",
      "instances": [
        {
          "schema_version": 0,
          "attributes": {
            "annotations": null,
            "availability_zone": "eu-west-0a",
            "bandwidth_charge_mode": "",
            "bandwidth_size": 0,
            "billing_mode": null,
            "cluster_id": "369f03b4-8f75-11ee-8bda-0255ac100034",
            "data_volumes": [
              {
                "extend_params": null,
                "kms_key_id": "",
                "size": 100,
                "volumetype": "SATA"
              }
            ],
            "ecs_group_id": "",
            "ecs_performance_type": "",
            "eip_count": 0,
            "eip_ids": [],
            "extend_param": null,
            "extend_param_charging_mode": null,
            "flavor_id": "s6.xlarge.4",
            "id": "fe0809b3-8f75-11ee-832e-0255ac100043",
            "iptype": "",
            "key_pair": "flask-keypair",
            "labels": null,
            "max_pods": 0,
            "name": "flask-node2",
            "order_id": null,
            "os": "CentOS 7.7",
            "postinstall": null,
            "preinstall": null,
            "private_ip": "10.10.10.185",
            "product_id": "",
            "public_ip": "",
            "public_key": "",
            "region": "eu-west-0",
            "root_volume": [
              {
                "extend_params": null,
                "kms_key_id": "",
                "size": 40,
                "volumetype": "SATA"
              }
            ],
            "server_id": "dc8cff40-84b6-4996-87a3-249c5bc93e0a",
            "sharetype": "",
            "status": "Active",
            "subnet_id": "97a9fc56-d6f9-46de-98c9-73c0f681f60b",
            "tags": null,
            "taints": [],
            "timeouts": null
          },
          "sensitive_attributes": [],
          "private": "eyJlMmJmYjczMC1lY2FhLTExZTYtOGY4OC0zNDM2M2JjN2M0YzAiOnsiY3JlYXRlIjoxMjAwMDAwMDAwMDAwLCJkZWxldGUiOjEyMDAwMDAwMDAwMDB9fQ==",
          "dependencies": [
            "flexibleengine_cce_cluster_v3.flask_cluster",
            "flexibleengine_vpc_subnet_v1.flask_subnet",
            "flexibleengine_vpc_v1.flask_vpc"
          ]
        }
      ]
    },
    {
      "mode": "managed",
      "type": "flexibleengine_vpc_subnet_v1",
      "name": "flask_subnet",
      "provider": "provider[\"registry.terraform.io/flexibleenginecloud/flexibleengine\"]",
      "instances": [
        {
          "schema_version": 0,
          "attributes": {
            "availability_zone": "",
            "cidr": "10.10.10.0/24",
            "description": "",
            "dhcp_enable": true,
            "dhcp_lease_time": null,
            "dns_list": [
              "100.125.0.41",
              "100.126.0.41"
            ],
            "gateway_ip": "10.10.10.1",
            "id": "97a9fc56-d6f9-46de-98c9-73c0f681f60b",
            "ipv4_subnet_id": "cbd90f7e-4539-4db5-bb0c-87e84b3c1ee7",
            "ipv6_cidr": "",
            "ipv6_enable": false,
            "ipv6_gateway": "",
            "ipv6_subnet_id": "",
            "name": "flask-subnet",
            "ntp_server_address": null,
            "primary_dns": "100.125.0.41",
            "region": "eu-west-0",
            "secondary_dns": "100.126.0.41",
            "subnet_id": "cbd90f7e-4539-4db5-bb0c-87e84b3c1ee7",
            "tags": null,
            "timeouts": null,
            "vpc_id": "6f93693b-6cbe-432f-9268-fe4b711c27a9"
          },
          "sensitive_attributes": [],
          "private": "eyJlMmJmYjczMC1lY2FhLTExZTYtOGY4OC0zNDM2M2JjN2M0YzAiOnsiY3JlYXRlIjozMDAwMDAwMDAwMDAsImRlbGV0ZSI6NjAwMDAwMDAwMDAwfX0=",
          "dependencies": [
            "flexibleengine_vpc_v1.flask_vpc"
          ]
        }
      ]
    },
    {
      "mode": "managed",
      "type": "flexibleengine_vpc_v1",
      "name": "flask_vpc",
      "provider": "provider[\"registry.terraform.io/flexibleenginecloud/flexibleengine\"]",
      "instances": [
        {
          "schema_version": 0,
          "attributes": {
            "cidr": "10.10.0.0/16",
            "description": "",
            "enterprise_project_id": "0",
            "id": "6f93693b-6cbe-432f-9268-fe4b711c27a9",
            "name": "flask-vpc",
            "region": "eu-west-0",
            "routes": [],
            "secondary_cidr": null,
            "status": "OK",
            "tags": null,
            "timeouts": null
          },
          "sensitive_attributes": [],
          "private": "eyJlMmJmYjczMC1lY2FhLTExZTYtOGY4OC0zNDM2M2JjN2M0YzAiOnsiY3JlYXRlIjo2MDAwMDAwMDAwMDAsImRlbGV0ZSI6MTgwMDAwMDAwMDAwfX0="
        }
      ]
    }
  ],
  "check_results": null
}
